{
    "_meta": {
        "hash": {
            "sha256": "efefa29c269ed08f2b79dd634aaaad12460ecb11c1d23cc2c5ef39a330ed0e74"
        },
        "host-environment-markers": {
            "implementation_name": "cpython",
            "implementation_version": "3.6.7",
            "os_name": "posix",
            "platform_machine": "x86_64",
            "platform_python_implementation": "CPython",
            "platform_release": "4.15.0-54-generic",
            "platform_system": "Linux",
            "platform_version": "#58-Ubuntu SMP Mon Jun 24 10:55:24 UTC 2019",
            "python_full_version": "3.6.7",
            "python_version": "3.6",
            "sys_platform": "linux"
        },
        "pipfile-spec": 6,
        "requires": {
            "python_version": "3.6"
        },
        "sources": [
            {
                "name": "pypi",
                "url": "https://pypi.python.org/simple",
                "verify_ssl": true
            }
        ]
    },
    "default": {
        "aniso8601": {
            "hashes": [
                "sha256:bb167645c79f7a438f9dfab6161af9bed75508c645b1f07d1158240841d22673",
                "sha256:b8a6a9b24611fc50cf2d9b45d371bfdc4fd0581d1cc52254f5502130a776d4af"
            ],
            "version": "==6.0.0"
        },
        "graphene": {
            "hashes": [
                "sha256:acf808d50d053b94f7958414d511489a9e490a7f9563b9be80f6875fc5723d2a",
                "sha256:77d61618132ccd084c343e64c22d806cee18dce73cc86e0f427378dbdeeac287"
            ],
            "version": "==2.1.7"
        },
        "graphql-core": {
            "hashes": [
                "sha256:1488f2a5c2272dc9ba66e3042a6d1c30cea0db4c80bd1e911c6791ad6187d91b",
                "sha256:da64c472d720da4537a2e8de8ba859210b62841bd47a9be65ca35177f62fe0e4"
            ],
            "version": "==2.2.1"
        },
        "graphql-relay": {
            "hashes": [
                "sha256:0e94201af4089e1f81f07d7bd8f84799768e39d70fa1ea16d1df505b46cc6335",
                "sha256:75aa0758971e252964cb94068a4decd472d2a8295229f02189e3cbca1f10dbb5",
                "sha256:7fa74661246e826ef939ee92e768f698df167a7617361ab399901eaebf80dce6"
            ],
            "version": "==2.0.0"
        },
        "promise": {
            "hashes": [
                "sha256:2ebbfc10b7abf6354403ed785fe4f04b9dfd421eb1a474ac8d187022228332af",
                "sha256:348f5f6c3edd4fd47c9cd65aed03ac1b31136d375aa63871a57d3e444c85655c"
            ],
            "version": "==2.2.1"
        },
        "rx": {
            "hashes": [
                "sha256:7357592bc7e881a95e0c2013b73326f704953301ab551fbc8133a6fadab84105",
                "sha256:13a1d8d9e252625c173dc795471e614eadfe1cf40ffc684e08b8fff0d9748c23"
            ],
            "version": "==1.6.1"
        },
        "six": {
            "hashes": [
                "sha256:3350809f0555b11f552448330d0b52d5f24c91a322ea4a15ef22629740f3761c",
                "sha256:d16a0141ec1a18405cd4ce8b4613101da75da0e9a7aec5bdd4fa804d0e0eba73"
            ],
            "version": "==1.12.0"
        },
        "typing": {
            "hashes": [
                "sha256:38566c558a0a94d6531012c8e917b1b8518a41e418f7f15f00e129cc80162ad3",
                "sha256:84698954b4e6719e912ef9a42a2431407fe3755590831699debda6fba92aac55",
                "sha256:53765ec4f83a2b720214727e319607879fec4acde22c4fbb54fa2604e79e44ce"
            ],
            "markers": "python_version < '3.5'",
            "version": "==3.7.4"
        }
    },
    "develop": {}
}
